<?xml version="1.0" encoding="utf-8"?>
<Project ToolsVersion="4.0" xmlns="http://schemas.microsoft.com/developer/msbuild/2003">
  <ItemGroup>
    <Filter Include="Source Files">
      <UniqueIdentifier>{4FC737F1-C7A5-4376-A066-2A32D752A2FF}</UniqueIdentifier>
      <Extensions>cpp;c;cc;cxx;c++;cppm;ixx;def;odl;idl;hpj;bat;asm;asmx</Extensions>
    </Filter>
    <Filter Include="Header Files">
      <UniqueIdentifier>{93995380-89BD-4b04-88EB-625FBE52EBFB}</UniqueIdentifier>
      <Extensions>h;hh;hpp;hxx;h++;hm;inl;inc;ipp;xsd</Extensions>
    </Filter>
    <Filter Include="Resource Files">
      <UniqueIdentifier>{67DA6AB6-F800-4c08-8B7A-83BB121AAD01}</UniqueIdentifier>
      <Extensions>rc;ico;cur;bmp;dlg;rc2;rct;bin;rgs;gif;jpg;jpeg;jpe;resx;tiff;tif;png;wav;mfcribbon-ms</Extensions>
    </Filter>
    <Filter Include="Source Files\HackerRank">
      <UniqueIdentifier>{0924a2c8-1ddb-4509-9c67-0c833c5fde26}</UniqueIdentifier>
    </Filter>
    <Filter Include="Source Files\Chap1">
      <UniqueIdentifier>{d2e13ba3-c7d9-490a-8def-86e00716d43a}</UniqueIdentifier>
    </Filter>
    <Filter Include="Source Files\edabit">
      <UniqueIdentifier>{f007e8e2-8c44-46c1-b89b-c698c5f6df27}</UniqueIdentifier>
    </Filter>
    <Filter Include="Source Files\Chap1\Exercises">
      <UniqueIdentifier>{1cecad79-1bd5-4198-ae1c-6655fe54a623}</UniqueIdentifier>
    </Filter>
    <Filter Include="Source Files\Chap2">
      <UniqueIdentifier>{f7afe8a1-6914-46b5-8462-ff8551dac5e9}</UniqueIdentifier>
    </Filter>
    <Filter Include="Source Files\Chap3">
      <UniqueIdentifier>{16cfcce9-e8a5-47fc-8271-76099bc2b8e0}</UniqueIdentifier>
    </Filter>
    <Filter Include="Source Files\Chap4">
      <UniqueIdentifier>{23c739d3-13b3-4bed-8fa8-2560ed193a7f}</UniqueIdentifier>
    </Filter>
    <Filter Include="Source Files\Chap5">
      <UniqueIdentifier>{15e460d7-3553-4be9-9672-3953b3e5b1a7}</UniqueIdentifier>
    </Filter>
    <Filter Include="Source Files\Chap6">
      <UniqueIdentifier>{2c919dcd-59b2-4521-b17f-511401ef525a}</UniqueIdentifier>
    </Filter>
    <Filter Include="Source Files\Chap6\Grading">
      <UniqueIdentifier>{b8c94b2e-07bf-4298-b2af-078f77d30caa}</UniqueIdentifier>
    </Filter>
    <Filter Include="Source Files\Chap6\Find URLs">
      <UniqueIdentifier>{39c361b0-8f52-4b73-8b3c-26302894b47f}</UniqueIdentifier>
    </Filter>
    <Filter Include="Source Files\Chap6\Split string">
      <UniqueIdentifier>{2b0b8e08-05ca-47b0-bd21-c2f908e6b598}</UniqueIdentifier>
    </Filter>
    <Filter Include="Source Files\Chap6\Palindromes">
      <UniqueIdentifier>{697588f5-1733-4624-8e27-cfbfbe59e642}</UniqueIdentifier>
    </Filter>
    <Filter Include="Source Files\Chap7">
      <UniqueIdentifier>{b88f9c41-24e6-4d74-b0c1-e12fa7df1f97}</UniqueIdentifier>
    </Filter>
    <Filter Include="Source Files\Chap8">
      <UniqueIdentifier>{7b4f8e78-398c-4b95-b292-01b8ca762262}</UniqueIdentifier>
    </Filter>
    <Filter Include="Source Files\Chap10">
      <UniqueIdentifier>{94e5d464-1c70-4aa0-85f0-a3d3827276a4}</UniqueIdentifier>
    </Filter>
  </ItemGroup>
  <ItemGroup>
    <ClCompile Include="erase.cpp">
      <Filter>Source Files</Filter>
    </ClCompile>
    <ClCompile Include="Swap.cpp">
      <Filter>Source Files</Filter>
    </ClCompile>
    <ClCompile Include="iterateThroughMap+PrintOut.cpp">
      <Filter>Source Files</Filter>
    </ClCompile>
    <ClCompile Include="matrix.cpp">
      <Filter>Source Files</Filter>
    </ClCompile>
    <ClCompile Include="map.cpp">
      <Filter>Source Files</Filter>
    </ClCompile>
    <ClCompile Include="Chap1\Exercises\1-1.cpp">
      <Filter>Source Files\Chap1\Exercises</Filter>
    </ClCompile>
    <ClCompile Include="Chap1\Exercises\1-2.cpp">
      <Filter>Source Files\Chap1\Exercises</Filter>
    </ClCompile>
    <ClCompile Include="Chap1\Exercises\1-3.cpp">
      <Filter>Source Files\Chap1\Exercises</Filter>
    </ClCompile>
    <ClCompile Include="Chap1\Exercises\1-4.cpp">
      <Filter>Source Files\Chap1\Exercises</Filter>
    </ClCompile>
    <ClCompile Include="Chap1\Exercises\1-5.cpp">
      <Filter>Source Files\Chap1\Exercises</Filter>
    </ClCompile>
    <ClCompile Include="Chap1\Exercises\1-6.cpp">
      <Filter>Source Files\Chap1\Exercises</Filter>
    </ClCompile>
    <ClCompile Include="Chap1\helloWorld.cpp">
      <Filter>Source Files\Chap1</Filter>
    </ClCompile>
    <ClCompile Include="Chap3\studentGrades(average).cpp">
      <Filter>Source Files\Chap3</Filter>
    </ClCompile>
    <ClCompile Include="Chap3\studentGrades(median).cpp">
      <Filter>Source Files\Chap3</Filter>
    </ClCompile>
    <ClCompile Include="Chap4\grade.cpp">
      <Filter>Source Files\Chap4</Filter>
    </ClCompile>
    <ClCompile Include="Chap4\main.cpp">
      <Filter>Source Files\Chap4</Filter>
    </ClCompile>
    <ClCompile Include="Chap4\median.cpp">
      <Filter>Source Files\Chap4</Filter>
    </ClCompile>
    <ClCompile Include="Chap4\Student_info.cpp">
      <Filter>Source Files\Chap4</Filter>
    </ClCompile>
    <ClCompile Include="Chap5\separateStudents.cpp">
      <Filter>Source Files\Chap5</Filter>
    </ClCompile>
    <ClCompile Include="Chap5\Student_info.cpp">
      <Filter>Source Files\Chap5</Filter>
    </ClCompile>
    <ClCompile Include="Chap6\Grading\did_all_hw.cpp">
      <Filter>Source Files\Chap6\Grading</Filter>
    </ClCompile>
    <ClCompile Include="Chap6\Grading\grade.cpp">
      <Filter>Source Files\Chap6\Grading</Filter>
    </ClCompile>
    <ClCompile Include="Chap6\Grading\main.cpp">
      <Filter>Source Files\Chap6\Grading</Filter>
    </ClCompile>
    <ClCompile Include="Chap6\Grading\median.cpp">
      <Filter>Source Files\Chap6\Grading</Filter>
    </ClCompile>
    <ClCompile Include="Chap6\Grading\median_analysis.cpp">
      <Filter>Source Files\Chap6\Grading</Filter>
    </ClCompile>
    <ClCompile Include="Chap6\Grading\optimistic_median_analysis.cpp">
      <Filter>Source Files\Chap6\Grading</Filter>
    </ClCompile>
    <ClCompile Include="Chap6\Grading\Student_info.cpp">
      <Filter>Source Files\Chap6\Grading</Filter>
    </ClCompile>
    <ClCompile Include="Chap6\Grading\write_analysis.cpp">
      <Filter>Source Files\Chap6\Grading</Filter>
    </ClCompile>
    <ClCompile Include="Chap6\Find_URLs\findURLs.cpp">
      <Filter>Source Files\Chap6\Find URLs</Filter>
    </ClCompile>
    <ClCompile Include="edabit\googlify.cpp">
      <Filter>Source Files\edabit</Filter>
    </ClCompile>
    <ClCompile Include="HackerRank\birthdayCandles.cpp">
      <Filter>Source Files\HackerRank</Filter>
    </ClCompile>
    <ClCompile Include="HackerRank\camelCase.cpp">
      <Filter>Source Files\HackerRank</Filter>
    </ClCompile>
    <ClCompile Include="HackerRank\catsAndAMouse.cpp">
      <Filter>Source Files\HackerRank</Filter>
    </ClCompile>
    <ClCompile Include="HackerRank\countingValleys.cpp">
      <Filter>Source Files\HackerRank</Filter>
    </ClCompile>
    <ClCompile Include="HackerRank\dayOfTheProgramer.cpp">
      <Filter>Source Files\HackerRank</Filter>
    </ClCompile>
    <ClCompile Include="HackerRank\makingAnagrams.cpp">
      <Filter>Source Files\HackerRank</Filter>
    </ClCompile>
    <ClCompile Include="HackerRank\MigratoryBirds.cpp">
      <Filter>Source Files\HackerRank</Filter>
    </ClCompile>
    <ClCompile Include="HackerRank\miniMaxSum.cpp">
      <Filter>Source Files\HackerRank</Filter>
    </ClCompile>
    <ClCompile Include="HackerRank\numberLineJumps(Kangaroo).cpp">
      <Filter>Source Files\HackerRank</Filter>
    </ClCompile>
    <ClCompile Include="HackerRank\simpleArraySum.cpp">
      <Filter>Source Files\HackerRank</Filter>
    </ClCompile>
    <ClCompile Include="HackerRank\stairCase.cpp">
      <Filter>Source Files\HackerRank</Filter>
    </ClCompile>
    <ClCompile Include="HackerRank\superReducedString.cpp">
      <Filter>Source Files\HackerRank</Filter>
    </ClCompile>
    <ClCompile Include="edabit\isSafeBridge.cpp">
      <Filter>Source Files\edabit</Filter>
    </ClCompile>
    <ClCompile Include="edabit\oddEven.cpp">
      <Filter>Source Files\edabit</Filter>
    </ClCompile>
    <ClCompile Include="cross-referenceTable.cpp">
      <Filter>Source Files\Chap7</Filter>
    </ClCompile>
    <ClCompile Include="Chap5\splitString%28indice%29.cpp">
      <Filter>Source Files\Chap5</Filter>
    </ClCompile>
    <ClCompile Include="horizontal_concatenation.cpp">
      <Filter>Source Files\Chap5</Filter>
    </ClCompile>
    <ClCompile Include="width.cpp">
      <Filter>Source Files\Chap5</Filter>
    </ClCompile>
    <ClCompile Include="vertical_concatenation.cpp">
      <Filter>Source Files\Chap5</Filter>
    </ClCompile>
    <ClCompile Include="Chap1\framingName1.cpp">
      <Filter>Source Files\Chap1</Filter>
    </ClCompile>
    <ClCompile Include="Chap2\framingName2.cpp">
      <Filter>Source Files\Chap2</Filter>
    </ClCompile>
    <ClCompile Include="frammingName3.cpp">
      <Filter>Source Files\Chap5</Filter>
    </ClCompile>
    <ClCompile Include="Chap6\Split string\split_string%28iter%29.cpp">
      <Filter>Source Files\Chap7</Filter>
    </ClCompile>
    <ClCompile Include="read_grammar.cpp">
      <Filter>Source Files\Chap7</Filter>
    </ClCompile>
    <ClCompile Include="plusMinus.cpp">
      <Filter>Source Files\HackerRank</Filter>
    </ClCompile>
    <ClCompile Include="findDigit.cpp">
      <Filter>Source Files\HackerRank</Filter>
    </ClCompile>
    <ClCompile Include="pickingNumber.cpp">
      <Filter>Source Files\HackerRank</Filter>
    </ClCompile>
    <ClCompile Include="median_of_unknown_type.cpp">
      <Filter>Source Files\Chap8</Filter>
    </ClCompile>
    <ClCompile Include="Chap7\countingWord.cpp">
      <Filter>Source Files\Chap7</Filter>
    </ClCompile>
    <ClCompile Include="Chap6\Grading\average_analysis.cpp">
      <Filter>Source Files\Chap6\Grading</Filter>
    </ClCompile>
    <ClCompile Include="find.cpp">
      <Filter>Source Files</Filter>
    </ClCompile>
    <ClCompile Include="split(ostream_iterator).cpp">
      <Filter>Source Files\Chap8</Filter>
    </ClCompile>
    <ClCompile Include="iterator_type.cpp">
      <Filter>Source Files\Chap8</Filter>
    </ClCompile>
    <ClCompile Include="input_output_iterator.cpp">
      <Filter>Source Files\Chap8</Filter>
    </ClCompile>
    <ClCompile Include="Chap6\Palindromes\palindrome.cpp">
      <Filter>Source Files\Chap6\Palindromes</Filter>
    </ClCompile>
    <ClCompile Include="HackerRank\utopianTree.cpp">
      <Filter>Source Files\HackerRank</Filter>
    </ClCompile>
    <ClCompile Include="nonmember_function.cpp">
      <Filter>Source Files\Chap8</Filter>
    </ClCompile>
    <ClCompile Include="Student_info_chap8.cpp">
      <Filter>Source Files\Chap8</Filter>
    </ClCompile>
    <ClCompile Include="pointer.cpp">
      <Filter>Source Files\Chap10</Filter>
    </ClCompile>
    <ClCompile Include="HackerRank\appleAndOrange.cpp">
      <Filter>Source Files\HackerRank</Filter>
    </ClCompile>
    <ClCompile Include="HackerRank\compareTheTriplets.cpp">
      <Filter>Source Files\HackerRank</Filter>
    </ClCompile>
    <ClCompile Include="HackerRank\breakingTheRecords.cpp">
      <Filter>Source Files\HackerRank</Filter>
    </ClCompile>
    <ClCompile Include="gradingStudents.cpp">
      <Filter>Source Files\HackerRank</Filter>
    </ClCompile>
    <ClCompile Include="divisibleSumPairs.cpp">
      <Filter>Source Files\HackerRank</Filter>
    </ClCompile>
    <ClCompile Include="billDivision.cpp">
      <Filter>Source Files\HackerRank</Filter>
    </ClCompile>
    <ClCompile Include="theHurdleRace.cpp">
      <Filter>Source Files\HackerRank</Filter>
    </ClCompile>
    <ClCompile Include="viralAdvertising.cpp">
      <Filter>Source Files\HackerRank</Filter>
    </ClCompile>
    <ClCompile Include="letter_grade.cpp">
      <Filter>Source Files\Chap10</Filter>
    </ClCompile>
    <ClCompile Include="salesByMatch.cpp">
      <Filter>Source Files\HackerRank</Filter>
    </ClCompile>
    <ClCompile Include="cutTheSticks.cpp">
      <Filter>Source Files\HackerRank</Filter>
    </ClCompile>
    <ClCompile Include="jumpingOnTheClouds.cpp">
      <Filter>Source Files\HackerRank</Filter>
    </ClCompile>
    <ClCompile Include="subarrayDivision.cpp">
      <Filter>Source Files\HackerRank</Filter>
    </ClCompile>
    <ClCompile Include="minimumDistance.cpp">
      <Filter>Source Files\HackerRank</Filter>
    </ClCompile>
    <ClCompile Include="marsExploration.cpp">
      <Filter>Source Files\HackerRank</Filter>
    </ClCompile>
    <ClCompile Include="alternatingCharacterscpp.cpp">
      <Filter>Source Files\HackerRank</Filter>
    </ClCompile>
    <ClCompile Include="hackerRankcpp.cpp">
      <Filter>Source Files\HackerRank</Filter>
    </ClCompile>
  </ItemGroup>
  <ItemGroup>
    <ClInclude Include="Chap6\Grading\did_all_hw.h">
      <Filter>Header Files</Filter>
    </ClInclude>
    <ClInclude Include="Chap6\Grading\grade.h">
      <Filter>Header Files</Filter>
    </ClInclude>
    <ClInclude Include="Chap6\Grading\main.h">
      <Filter>Header Files</Filter>
    </ClInclude>
    <ClInclude Include="Chap6\Grading\median.h">
      <Filter>Header Files</Filter>
    </ClInclude>
    <ClInclude Include="Chap6\Grading\median_analysis.h">
      <Filter>Header Files</Filter>
    </ClInclude>
    <ClInclude Include="Chap6\Grading\Student_info.h">
      <Filter>Header Files</Filter>
    </ClInclude>
    <ClInclude Include="Chap6\Grading\write_analysis.h">
      <Filter>Header Files</Filter>
    </ClInclude>
    <ClInclude Include="width.h">
      <Filter>Header Files</Filter>
    </ClInclude>
    <ClInclude Include="split_string%28iter%29.h">
      <Filter>Header Files</Filter>
    </ClInclude>
    <ClInclude Include="Student_info_chap8.h">
      <Filter>Header Files</Filter>
    </ClInclude>
  </ItemGroup>
</Project>