<?xml version="1.0" encoding="utf-8"?>
<Project ToolsVersion="4.0" xmlns="http://schemas.microsoft.com/developer/msbuild/2003">
  <ItemGroup>
    <Filter Include="Source Files">
      <UniqueIdentifier>{4FC737F1-C7A5-4376-A066-2A32D752A2FF}</UniqueIdentifier>
      <Extensions>cpp;c;cc;cxx;c++;cppm;ixx;def;odl;idl;hpj;bat;asm;asmx</Extensions>
    </Filter>
    <Filter Include="Header Files">
      <UniqueIdentifier>{93995380-89BD-4b04-88EB-625FBE52EBFB}</UniqueIdentifier>
      <Extensions>h;hh;hpp;hxx;h++;hm;inl;inc;ipp;xsd</Extensions>
    </Filter>
    <Filter Include="Resource Files">
      <UniqueIdentifier>{67DA6AB6-F800-4c08-8B7A-83BB121AAD01}</UniqueIdentifier>
      <Extensions>rc;ico;cur;bmp;dlg;rc2;rct;bin;rgs;gif;jpg;jpeg;jpe;resx;tiff;tif;png;wav;mfcribbon-ms</Extensions>
    </Filter>
    <Filter Include="Source Files\HackerRank">
      <UniqueIdentifier>{0924a2c8-1ddb-4509-9c67-0c833c5fde26}</UniqueIdentifier>
    </Filter>
    <Filter Include="Source Files\Chap1">
      <UniqueIdentifier>{d2e13ba3-c7d9-490a-8def-86e00716d43a}</UniqueIdentifier>
    </Filter>
    <Filter Include="Source Files\edabit">
      <UniqueIdentifier>{f007e8e2-8c44-46c1-b89b-c698c5f6df27}</UniqueIdentifier>
    </Filter>
    <Filter Include="Source Files\Chap1\Exercises">
      <UniqueIdentifier>{1cecad79-1bd5-4198-ae1c-6655fe54a623}</UniqueIdentifier>
    </Filter>
    <Filter Include="Source Files\Chap2">
      <UniqueIdentifier>{f7afe8a1-6914-46b5-8462-ff8551dac5e9}</UniqueIdentifier>
    </Filter>
    <Filter Include="Source Files\Chap3">
      <UniqueIdentifier>{16cfcce9-e8a5-47fc-8271-76099bc2b8e0}</UniqueIdentifier>
    </Filter>
    <Filter Include="Source Files\Chap4">
      <UniqueIdentifier>{23c739d3-13b3-4bed-8fa8-2560ed193a7f}</UniqueIdentifier>
    </Filter>
    <Filter Include="Source Files\Chap5">
      <UniqueIdentifier>{15e460d7-3553-4be9-9672-3953b3e5b1a7}</UniqueIdentifier>
    </Filter>
    <Filter Include="Source Files\Chap6">
      <UniqueIdentifier>{2c919dcd-59b2-4521-b17f-511401ef525a}</UniqueIdentifier>
    </Filter>
    <Filter Include="Source Files\Chap6\Grading">
      <UniqueIdentifier>{b8c94b2e-07bf-4298-b2af-078f77d30caa}</UniqueIdentifier>
    </Filter>
    <Filter Include="Source Files\Chap6\Find URLs">
      <UniqueIdentifier>{39c361b0-8f52-4b73-8b3c-26302894b47f}</UniqueIdentifier>
    </Filter>
    <Filter Include="Source Files\Chap6\Split string">
      <UniqueIdentifier>{2b0b8e08-05ca-47b0-bd21-c2f908e6b598}</UniqueIdentifier>
    </Filter>
    <Filter Include="Source Files\Chap6\Palindromes">
      <UniqueIdentifier>{697588f5-1733-4624-8e27-cfbfbe59e642}</UniqueIdentifier>
    </Filter>
    <Filter Include="Source Files\Chap7">
      <UniqueIdentifier>{b88f9c41-24e6-4d74-b0c1-e12fa7df1f97}</UniqueIdentifier>
    </Filter>
    <Filter Include="Source Files\Chap8">
      <UniqueIdentifier>{7b4f8e78-398c-4b95-b292-01b8ca762262}</UniqueIdentifier>
    </Filter>
    <Filter Include="Source Files\Chap10">
      <UniqueIdentifier>{94e5d464-1c70-4aa0-85f0-a3d3827276a4}</UniqueIdentifier>
    </Filter>
  </ItemGroup>
  <ItemGroup>
    <ClCompile Include="erase.cpp">
      <Filter>Source Files</Filter>
    </ClCompile>
    <ClCompile Include="Swap.cpp">
      <Filter>Source Files</Filter>
    </ClCompile>
    <ClCompile Include="matrix.cpp">
      <Filter>Source Files</Filter>
    </ClCompile>
    <ClCompile Include="map.cpp">
      <Filter>Source Files</Filter>
    </ClCompile>
    <ClCompile Include="find.cpp">
      <Filter>Source Files</Filter>
    </ClCompile>
    <ClCompile Include="hangMan.cpp">
      <Filter>Source Files</Filter>
    </ClCompile>
  </ItemGroup>
  <ItemGroup>
    <ClInclude Include="Chap6\Grading\did_all_hw.h">
      <Filter>Header Files</Filter>
    </ClInclude>
    <ClInclude Include="Chap6\Grading\grade.h">
      <Filter>Header Files</Filter>
    </ClInclude>
    <ClInclude Include="Chap6\Grading\main.h">
      <Filter>Header Files</Filter>
    </ClInclude>
    <ClInclude Include="Chap6\Grading\median.h">
      <Filter>Header Files</Filter>
    </ClInclude>
    <ClInclude Include="Chap6\Grading\median_analysis.h">
      <Filter>Header Files</Filter>
    </ClInclude>
    <ClInclude Include="Chap6\Grading\Student_info.h">
      <Filter>Header Files</Filter>
    </ClInclude>
    <ClInclude Include="Chap6\Grading\write_analysis.h">
      <Filter>Header Files</Filter>
    </ClInclude>
    <ClInclude Include="width.h">
      <Filter>Header Files</Filter>
    </ClInclude>
    <ClInclude Include="split_string%28iter%29.h">
      <Filter>Header Files</Filter>
    </ClInclude>
    <ClInclude Include="Student_info_chap8.h">
      <Filter>Header Files</Filter>
    </ClInclude>
  </ItemGroup>
</Project>